
Microsoft Visual Studio Solution File, Format Version 11.00
# Visual Studio 2010
Project("{FAE04EC0-301F-11D3-BF4B-00C04F79EFBC}") = "hideForm", "hideForm.csproj", "{4FC9CC0F-F5B3-4B2B-ADD4-3B100064DC08}"
EndProject
Global
	GlobalSection(SolutionConfigurationPlatforms) = preSolution
		Debug|x86 = Debug|x86
		Release|x86 = Release|x86
	EndGlobalSection
	GlobalSection(ProjectConfigurationPlatforms) = postSolution
		{4FC9CC0F-F5B3-4B2B-ADD4-3B100064DC08}.Debug|x86.ActiveCfg = Debug|x86
		{4FC9CC0F-F5B3-4B2B-ADD4-3B100064DC08}.Debug|x86.Build.0 = Debug|x86
		{4FC9CC0F-F5B3-4B2B-ADD4-3B100064DC08}.Release|x86.ActiveCfg = Release|x86
		{4FC9CC0F-F5B3-4B2B-ADD4-3B100064DC08}.Release|x86.Build.0 = Release|x86
	EndGlobalSection
	GlobalSection(SolutionProperties) = preSolution
		HideSolutionNode = FALSE
	EndGlobalSection
EndGlobal
